
Microsoft Visual Studio Solution File, Format Version 12.00
# Visual Studio 2015
Project("{FAE04EC0-301F-11D3-BF4B-00C04F79EFBC}") = "Wizlords", "Wizlords.csproj", "{160EB654-DE51-6F7C-FB78-4B36D04830B9}"
EndProject
Global
	GlobalSection(SolutionConfigurationPlatforms) = preSolution
		Debug|Any CPU = Debug|Any CPU
		Release|Any CPU = Release|Any CPU
	EndGlobalSection
	GlobalSection(ProjectConfigurationPlatforms) = postSolution
		{160EB654-DE51-6F7C-FB78-4B36D04830B9}.Debug|Any CPU.ActiveCfg = Debug|Any CPU
		{160EB654-DE51-6F7C-FB78-4B36D04830B9}.Debug|Any CPU.Build.0 = Debug|Any CPU
		{160EB654-DE51-6F7C-FB78-4B36D04830B9}.Release|Any CPU.ActiveCfg = Release|Any CPU
		{160EB654-DE51-6F7C-FB78-4B36D04830B9}.Release|Any CPU.Build.0 = Release|Any CPU
	EndGlobalSection
	GlobalSection(SolutionProperties) = preSolution
		HideSolutionNode = FALSE
	EndGlobalSection
EndGlobal
